
Microsoft Visual Studio Solution File, Format Version 12.00
# Visual Studio Version 17
VisualStudioVersion = 17.14.36908.2
MinimumVisualStudioVersion = 10.0.40219.1
Project("{8BC9CEB8-8B4A-11D0-8D11-00A0C91BC942}") = "Ring0ModuleScanner", "Ring0ModuleScanner\Ring0ModuleScanner.vcxproj", "{8C3B8696-6A6C-D497-2BE2-EA7FD4D531FD}"
EndProject
Project("{8BC9CEB8-8B4A-11D0-8D11-00A0C91BC942}") = "client", "client\client.vcxproj", "{90AA8860-9159-41C6-893A-C7BE3BF95E4B}"
EndProject
Global
	GlobalSection(SolutionConfigurationPlatforms) = preSolution
		Debug|ARM64 = Debug|ARM64
		Debug|x64 = Debug|x64
		Release|ARM64 = Release|ARM64
		Release|x64 = Release|x64
	EndGlobalSection
	GlobalSection(ProjectConfigurationPlatforms) = postSolution
		{8C3B8696-6A6C-D497-2BE2-EA7FD4D531FD}.Debug|ARM64.ActiveCfg = Debug|ARM64
		{8C3B8696-6A6C-D497-2BE2-EA7FD4D531FD}.Debug|ARM64.Build.0 = Debug|ARM64
		{8C3B8696-6A6C-D497-2BE2-EA7FD4D531FD}.Debug|ARM64.Deploy.0 = Debug|ARM64
		{8C3B8696-6A6C-D497-2BE2-EA7FD4D531FD}.Debug|x64.ActiveCfg = Debug|x64
		{8C3B8696-6A6C-D497-2BE2-EA7FD4D531FD}.Debug|x64.Build.0 = Debug|x64
		{8C3B8696-6A6C-D497-2BE2-EA7FD4D531FD}.Debug|x64.Deploy.0 = Debug|x64
		{8C3B8696-6A6C-D497-2BE2-EA7FD4D531FD}.Release|ARM64.ActiveCfg = Release|ARM64
		{8C3B8696-6A6C-D497-2BE2-EA7FD4D531FD}.Release|ARM64.Build.0 = Release|ARM64
		{8C3B8696-6A6C-D497-2BE2-EA7FD4D531FD}.Release|ARM64.Deploy.0 = Release|ARM64
		{8C3B8696-6A6C-D497-2BE2-EA7FD4D531FD}.Release|x64.ActiveCfg = Release|x64
		{8C3B8696-6A6C-D497-2BE2-EA7FD4D531FD}.Release|x64.Build.0 = Release|x64
		{8C3B8696-6A6C-D497-2BE2-EA7FD4D531FD}.Release|x64.Deploy.0 = Release|x64
		{90AA8860-9159-41C6-893A-C7BE3BF95E4B}.Debug|ARM64.ActiveCfg = Debug|x64
		{90AA8860-9159-41C6-893A-C7BE3BF95E4B}.Debug|ARM64.Build.0 = Debug|x64
		{90AA8860-9159-41C6-893A-C7BE3BF95E4B}.Debug|x64.ActiveCfg = Debug|x64
		{90AA8860-9159-41C6-893A-C7BE3BF95E4B}.Debug|x64.Build.0 = Debug|x64
		{90AA8860-9159-41C6-893A-C7BE3BF95E4B}.Release|ARM64.ActiveCfg = Release|x64
		{90AA8860-9159-41C6-893A-C7BE3BF95E4B}.Release|ARM64.Build.0 = Release|x64
		{90AA8860-9159-41C6-893A-C7BE3BF95E4B}.Release|x64.ActiveCfg = Release|x64
		{90AA8860-9159-41C6-893A-C7BE3BF95E4B}.Release|x64.Build.0 = Release|x64
	EndGlobalSection
	GlobalSection(SolutionProperties) = preSolution
		HideSolutionNode = FALSE
	EndGlobalSection
	GlobalSection(ExtensibilityGlobals) = postSolution
		SolutionGuid = {A25BFD9F-121D-4508-BBB1-9193B59B1264}
	EndGlobalSection
EndGlobal
